
Microsoft Visual Studio Solution File, Format Version 12.00
# Visual Studio Version 17
VisualStudioVersion = 17.3.32901.215
MinimumVisualStudioVersion = 10.0.40219.1
Project("{FAE04EC0-301F-11D3-BF4B-00C04F79EFBC}") = "metot", "metot\metot.csproj", "{1559BACF-C000-4767-93E2-01CEFAEF4511}"
EndProject
Global
	GlobalSection(SolutionConfigurationPlatforms) = preSolution
		Debug|Any CPU = Debug|Any CPU
		Release|Any CPU = Release|Any CPU
	EndGlobalSection
	GlobalSection(ProjectConfigurationPlatforms) = postSolution
		{1559BACF-C000-4767-93E2-01CEFAEF4511}.Debug|Any CPU.ActiveCfg = Debug|Any CPU
		{1559BACF-C000-4767-93E2-01CEFAEF4511}.Debug|Any CPU.Build.0 = Debug|Any CPU
		{1559BACF-C000-4767-93E2-01CEFAEF4511}.Release|Any CPU.ActiveCfg = Release|Any CPU
		{1559BACF-C000-4767-93E2-01CEFAEF4511}.Release|Any CPU.Build.0 = Release|Any CPU
	EndGlobalSection
	GlobalSection(SolutionProperties) = preSolution
		HideSolutionNode = FALSE
	EndGlobalSection
	GlobalSection(ExtensibilityGlobals) = postSolution
		SolutionGuid = {5FD82E56-37C1-465B-BC79-D46D6995DB72}
	EndGlobalSection
EndGlobal
